# THIS IS AN AUTOGENERATED FILE. DO NOT EDIT THIS FILE DIRECTLY.
# yarn lockfile v1


JSONStream@1.1.1:
  version "1.1.1"
  resolved "https://registry.yarnpkg.com/JSONStream/-/JSONStream-1.1.1.tgz#c98bfd88c8f1e1e8694e53c5baa6c8691553e59a"
  dependencies:
    jsonparse "^1.1.0"
    through ">=2.2.7 <3"

JSONStream@^1.1.1:
  version "1.3.1"
  resolved "https://registry.yarnpkg.com/JSONStream/-/JSONStream-1.3.1.tgz#707f761e01dae9e16f1bcf93703b78c70966579a"
  dependencies:
    jsonparse "^1.2.0"
    through ">=2.2.7 <3"

"argparse@~ 0.1.11":
  version "0.1.16"
  resolved "https://registry.yarnpkg.com/argparse/-/argparse-0.1.16.tgz#cfd01e0fbba3d6caed049fbd758d40f65196f57c"
  dependencies:
    underscore "~1.7.0"
    underscore.string "~2.4.0"

asap@~2.0.3:
  version "2.0.6"
  resolved "https://registry.yarnpkg.com/asap/-/asap-2.0.6.tgz#e50347611d7e690943208bbdafebcbc2fb866d46"

async@^1.4.2:
  version "1.5.2"
  resolved "https://registry.yarnpkg.com/async/-/async-1.5.2.tgz#ec6a61ae56480c0c3cb241c95618e20892f9672a"

balanced-match@^1.0.0:
  version "1.0.0"
  resolved "https://registry.yarnpkg.com/balanced-match/-/balanced-match-1.0.0.tgz#89b4d199ab2bee49de164ea02b89ce462d71b767"

brace-expansion@^1.1.7:
  version "1.1.8"
  resolved "https://registry.yarnpkg.com/brace-expansion/-/brace-expansion-1.1.8.tgz#c07b211c7c952ec1f8efd51a77ef0d1d3990a292"
  dependencies:
    balanced-match "^1.0.0"
    concat-map "0.0.1"

bson@^0.4.22:
  version "0.4.23"
  resolved "https://registry.yarnpkg.com/bson/-/bson-0.4.23.tgz#e65a2e3c7507ffade4109bc7575a76e50f8da915"

bson@~1.0.4:
  version "1.0.4"
  resolved "https://registry.yarnpkg.com/bson/-/bson-1.0.4.tgz#93c10d39eaa5b58415cbc4052f3e53e562b0b72c"

buffer-shims@~1.0.0:
  version "1.0.0"
  resolved "https://registry.yarnpkg.com/buffer-shims/-/buffer-shims-1.0.0.tgz#9978ce317388c649ad8793028c3477ef044a8b51"

buffer-to-arraybuffer@0.0.2:
  version "0.0.2"
  resolved "https://registry.yarnpkg.com/buffer-to-arraybuffer/-/buffer-to-arraybuffer-0.0.2.tgz#d0d80564dc31866a1976515487b3ab620db7c849"
  dependencies:
    tape "^3.0.3"

caseless@~0.11.0:
  version "0.11.0"
  resolved "https://registry.yarnpkg.com/caseless/-/caseless-0.11.0.tgz#715b96ea9841593cc33067923f5ec60ebda4f7d7"

clone@1.0.2:
  version "1.0.2"
  resolved "https://registry.yarnpkg.com/clone/-/clone-1.0.2.tgz#260b7a99ebb1edfe247538175f783243cb19d149"

co@4.6.0:
  version "4.6.0"
  resolved "https://registry.yarnpkg.com/co/-/co-4.6.0.tgz#6ea6bdf3d853ae54ccb8e47bfa0bf3f9031fb184"

command-exists@^1.2.2:
  version "1.2.2"
  resolved "https://registry.yarnpkg.com/command-exists/-/command-exists-1.2.2.tgz#12819c64faf95446ec0ae07fe6cafb6eb3708b22"

commander@2.8.1:
  version "2.8.1"
  resolved "https://registry.yarnpkg.com/commander/-/commander-2.8.1.tgz#06be367febfda0c330aa1e2a072d3dc9762425d4"
  dependencies:
    graceful-readlink ">= 1.0.0"

concat-map@0.0.1:
  version "0.0.1"
  resolved "https://registry.yarnpkg.com/concat-map/-/concat-map-0.0.1.tgz#d8a96bd77fd68df7793a73036a3ba0d5405d477b"

concat-stream@^1.4.6, concat-stream@^1.4.7, concat-stream@^1.6.0:
  version "1.6.0"
  resolved "https://registry.yarnpkg.com/concat-stream/-/concat-stream-1.6.0.tgz#0aac662fd52be78964d5532f694784e70110acf7"
  dependencies:
    inherits "^2.0.3"
    readable-stream "^2.2.2"
    typedarray "^0.0.6"

core-util-is@~1.0.0:
  version "1.0.2"
  resolved "https://registry.yarnpkg.com/core-util-is/-/core-util-is-1.0.2.tgz#b5fd54220aa2bc5ab57aab7140c940754503c1a7"

deep-equal@~0.2.0:
  version "0.2.2"
  resolved "https://registry.yarnpkg.com/deep-equal/-/deep-equal-0.2.2.tgz#84b745896f34c684e98f2ce0e42abaf43bba017d"

defined@~0.0.0:
  version "0.0.0"
  resolved "https://registry.yarnpkg.com/defined/-/defined-0.0.0.tgz#f35eea7d705e933baf13b2f03b3f83d921403b3e"

dom-walk@^0.1.0:
  version "0.1.1"
  resolved "https://registry.yarnpkg.com/dom-walk/-/dom-walk-0.1.1.tgz#672226dc74c8f799ad35307df936aba11acd6018"

dookie@^0.2.0:
  version "0.2.0"
  resolved "https://registry.yarnpkg.com/dookie/-/dookie-0.2.0.tgz#18f7a0f470ee99b8559496a51a8f91126f8cf2c2"
  dependencies:
    JSONStream "1.1.1"
    clone "1.0.2"
    co "4.6.0"
    commander "2.8.1"
    dot-component "0.1.1"
    js-yaml "3.2.1"
    mongodb "~2.2.0"
    mongodb-extended-json "1.7.0"
    mongodb-ns "1.0.3"
    thunkify "2.1.2"

dot-component@0.1.1:
  version "0.1.1"
  resolved "https://registry.yarnpkg.com/dot-component/-/dot-component-0.1.1.tgz#d8208ce6b3a132f2a27f0dc9435597ee6fa7b7aa"
  dependencies:
    type-component "*"

dotenv@^4.0.0:
  version "4.0.0"
  resolved "https://registry.yarnpkg.com/dotenv/-/dotenv-4.0.0.tgz#864ef1379aced55ce6f95debecdce179f7a0cd1d"

duplexer@~0.1.1:
  version "0.1.1"
  resolved "https://registry.yarnpkg.com/duplexer/-/duplexer-0.1.1.tgz#ace6ff808c1ce66b57d1ebf97977acb02334cfc1"

es6-promise@3.2.1:
  version "3.2.1"
  resolved "https://registry.yarnpkg.com/es6-promise/-/es6-promise-3.2.1.tgz#ec56233868032909207170c39448e24449dd1fc4"

"esprima@~ 1.0.2":
  version "1.0.4"
  resolved "https://registry.yarnpkg.com/esprima/-/esprima-1.0.4.tgz#9f557e08fc3b4d26ece9dd34f8fbf476b62585ad"

event-stream@^3.3.1:
  version "3.3.4"
  resolved "https://registry.yarnpkg.com/event-stream/-/event-stream-3.3.4.tgz#4ab4c9a0f5a54db9338b4c34d86bfce8f4b35571"
  dependencies:
    duplexer "~0.1.1"
    from "~0"
    map-stream "~0.1.0"
    pause-stream "0.0.11"
    split "0.3"
    stream-combiner "~0.0.4"
    through "~2.3.1"

for-each@^0.3.2:
  version "0.3.2"
  resolved "https://registry.yarnpkg.com/for-each/-/for-each-0.3.2.tgz#2c40450b9348e97f281322593ba96704b9abd4d4"
  dependencies:
    is-function "~1.0.0"

from@~0:
  version "0.1.7"
  resolved "https://registry.yarnpkg.com/from/-/from-0.1.7.tgz#83c60afc58b9c56997007ed1a768b3ab303a44fe"

fs.realpath@^1.0.0:
  version "1.0.0"
  resolved "https://registry.yarnpkg.com/fs.realpath/-/fs.realpath-1.0.0.tgz#1504ad2523158caa40db4a2787cb01411994ea4f"

get-port@^3.1.0:
  version "3.2.0"
  resolved "https://registry.yarnpkg.com/get-port/-/get-port-3.2.0.tgz#dd7ce7de187c06c8bf353796ac71e099f0980ebc"

glob@^7.1.2:
  version "7.1.2"
  resolved "https://registry.yarnpkg.com/glob/-/glob-7.1.2.tgz#c19c9df9a028702d678612384a6552404c636d15"
  dependencies:
    fs.realpath "^1.0.0"
    inflight "^1.0.4"
    inherits "2"
    minimatch "^3.0.4"
    once "^1.3.0"
    path-is-absolute "^1.0.0"

glob@~3.2.9:
  version "3.2.11"
  resolved "https://registry.yarnpkg.com/glob/-/glob-3.2.11.tgz#4a973f635b9190f715d10987d5c00fd2815ebe3d"
  dependencies:
    inherits "2"
    minimatch "0.3"

global@~4.3.0:
  version "4.3.2"
  resolved "https://registry.yarnpkg.com/global/-/global-4.3.2.tgz#e76989268a6c74c38908b1305b10fc0e394e9d0f"
  dependencies:
    min-document "^2.19.0"
    process "~0.5.1"

graceful-fs@^4.1.11, graceful-fs@^4.1.6:
  version "4.1.11"
  resolved "https://registry.yarnpkg.com/graceful-fs/-/graceful-fs-4.1.11.tgz#0e8bdfe4d1ddb8854d64e04ea7c00e2a026e5658"

"graceful-readlink@>= 1.0.0":
  version "1.0.1"
  resolved "https://registry.yarnpkg.com/graceful-readlink/-/graceful-readlink-1.0.1.tgz#4cafad76bc62f02fa039b2f94e9a3dd3a391a725"

http-basic@^2.5.1:
  version "2.5.1"
  resolved "https://registry.yarnpkg.com/http-basic/-/http-basic-2.5.1.tgz#8ce447bdb5b6c577f8a63e3fa78056ec4bb4dbfb"
  dependencies:
    caseless "~0.11.0"
    concat-stream "^1.4.6"
    http-response-object "^1.0.0"

http-response-object@^1.0.0, http-response-object@^1.1.0:
  version "1.1.0"
  resolved "https://registry.yarnpkg.com/http-response-object/-/http-response-object-1.1.0.tgz#a7c4e75aae82f3bb4904e4f43f615673b4d518c3"

inflight@^1.0.4:
  version "1.0.6"
  resolved "https://registry.yarnpkg.com/inflight/-/inflight-1.0.6.tgz#49bd6331d7d02d0c09bc910a1075ba8165b56df9"
  dependencies:
    once "^1.3.0"
    wrappy "1"

inherits@2, inherits@^2.0.3, inherits@~2.0.1, inherits@~2.0.3:
  version "2.0.3"
  resolved "https://registry.yarnpkg.com/inherits/-/inherits-2.0.3.tgz#633c2c83e3da42a502f52466022480f4208261de"

is-function@^1.0.1, is-function@~1.0.0:
  version "1.0.1"
  resolved "https://registry.yarnpkg.com/is-function/-/is-function-1.0.1.tgz#12cfb98b65b57dd3d193a3121f5f6e2f437602b5"

isarray@~1.0.0:
  version "1.0.0"
  resolved "https://registry.yarnpkg.com/isarray/-/isarray-1.0.0.tgz#bb935d48582cba168c06834957a54a3e07124f11"

js-yaml@3.2.1:
  version "3.2.1"
  resolved "https://registry.yarnpkg.com/js-yaml/-/js-yaml-3.2.1.tgz#bcec9a6c5c7f4e4e195f3cefc867eec3f83ce79d"
  dependencies:
    argparse "~ 0.1.11"
    esprima "~ 1.0.2"

jsonfile@^4.0.0:
  version "4.0.0"
  resolved "https://registry.yarnpkg.com/jsonfile/-/jsonfile-4.0.0.tgz#8771aae0799b64076b76640fca058f9c10e33ecb"
  optionalDependencies:
    graceful-fs "^4.1.6"

jsonparse@^1.1.0, jsonparse@^1.2.0:
  version "1.3.1"
  resolved "https://registry.yarnpkg.com/jsonparse/-/jsonparse-1.3.1.tgz#3f4dae4a91fac315f71062f8521cc239f1366280"

lodash._arrayeach@^3.0.0:
  version "3.0.0"
  resolved "https://registry.yarnpkg.com/lodash._arrayeach/-/lodash._arrayeach-3.0.0.tgz#bab156b2a90d3f1bbd5c653403349e5e5933ef9e"

lodash._basecallback@^3.0.0:
  version "3.3.1"
  resolved "https://registry.yarnpkg.com/lodash._basecallback/-/lodash._basecallback-3.3.1.tgz#b7b2bb43dc2160424a21ccf26c57e443772a8e27"
  dependencies:
    lodash._baseisequal "^3.0.0"
    lodash._bindcallback "^3.0.0"
    lodash.isarray "^3.0.0"
    lodash.pairs "^3.0.0"

lodash._basecreate@^3.0.0:
  version "3.0.3"
  resolved "https://registry.yarnpkg.com/lodash._basecreate/-/lodash._basecreate-3.0.3.tgz#1bc661614daa7fc311b7d03bf16806a0213cf821"

lodash._basefor@^3.0.0:
  version "3.0.3"
  resolved "https://registry.yarnpkg.com/lodash._basefor/-/lodash._basefor-3.0.3.tgz#7550b4e9218ef09fad24343b612021c79b4c20c2"

lodash._baseisequal@^3.0.0:
  version "3.0.7"
  resolved "https://registry.yarnpkg.com/lodash._baseisequal/-/lodash._baseisequal-3.0.7.tgz#d8025f76339d29342767dcc887ce5cb95a5b51f1"
  dependencies:
    lodash.isarray "^3.0.0"
    lodash.istypedarray "^3.0.0"
    lodash.keys "^3.0.0"

lodash._bindcallback@^3.0.0:
  version "3.0.1"
  resolved "https://registry.yarnpkg.com/lodash._bindcallback/-/lodash._bindcallback-3.0.1.tgz#e531c27644cf8b57a99e17ed95b35c748789392e"

lodash._getnative@^3.0.0:
  version "3.9.1"
  resolved "https://registry.yarnpkg.com/lodash._getnative/-/lodash._getnative-3.9.1.tgz#570bc7dede46d61cdcde687d65d3eecbaa3aaff5"

lodash.isarguments@^3.0.0:
  version "3.1.0"
  resolved "https://registry.yarnpkg.com/lodash.isarguments/-/lodash.isarguments-3.1.0.tgz#2f573d85c6a24289ff00663b491c1d338ff3458a"

lodash.isarray@^3.0.0:
  version "3.0.4"
  resolved "https://registry.yarnpkg.com/lodash.isarray/-/lodash.isarray-3.0.4.tgz#79e4eb88c36a8122af86f844aa9bcd851b5fbb55"

lodash.isfunction@^3.0.0, lodash.isfunction@^3.0.6:
  version "3.0.8"
  resolved "https://registry.yarnpkg.com/lodash.isfunction/-/lodash.isfunction-3.0.8.tgz#4db709fc81bc4a8fd7127a458a5346c5cdce2c6b"

lodash.istypedarray@^3.0.0:
  version "3.0.6"
  resolved "https://registry.yarnpkg.com/lodash.istypedarray/-/lodash.istypedarray-3.0.6.tgz#c9a477498607501d8e8494d283b87c39281cef62"

lodash.keys@^3.0.0:
  version "3.1.2"
  resolved "https://registry.yarnpkg.com/lodash.keys/-/lodash.keys-3.1.2.tgz#4dbc0472b156be50a0b286855d1bd0b0c656098a"
  dependencies:
    lodash._getnative "^3.0.0"
    lodash.isarguments "^3.0.0"
    lodash.isarray "^3.0.0"

lodash.pairs@^3.0.0:
  version "3.0.1"
  resolved "https://registry.yarnpkg.com/lodash.pairs/-/lodash.pairs-3.0.1.tgz#bbe08d5786eeeaa09a15c91ebf0dcb7d2be326a9"
  dependencies:
    lodash.keys "^3.0.0"

lodash.transform@^3.0.4:
  version "3.0.4"
  resolved "https://registry.yarnpkg.com/lodash.transform/-/lodash.transform-3.0.4.tgz#8ebe53fbae15857ade36eca67fc559b78bb3ebe9"
  dependencies:
    lodash._arrayeach "^3.0.0"
    lodash._basecallback "^3.0.0"
    lodash._basecreate "^3.0.0"
    lodash._basefor "^3.0.0"
    lodash.isarray "^3.0.0"
    lodash.isfunction "^3.0.0"
    lodash.istypedarray "^3.0.0"
    lodash.keys "^3.0.0"

lru-cache@2:
  version "2.7.3"
  resolved "https://registry.yarnpkg.com/lru-cache/-/lru-cache-2.7.3.tgz#6d4524e8b955f95d4f5b58851ce21dd72fb4e952"

map-stream@~0.1.0:
  version "0.1.0"
  resolved "https://registry.yarnpkg.com/map-stream/-/map-stream-0.1.0.tgz#e56aa94c4c8055a16404a0674b78f215f7c8e194"

min-document@^2.19.0:
  version "2.19.0"
  resolved "https://registry.yarnpkg.com/min-document/-/min-document-2.19.0.tgz#7bd282e3f5842ed295bb748cdd9f1ffa2c824685"
  dependencies:
    dom-walk "^0.1.0"

minimatch@0.3:
  version "0.3.0"
  resolved "https://registry.yarnpkg.com/minimatch/-/minimatch-0.3.0.tgz#275d8edaac4f1bb3326472089e7949c8394699dd"
  dependencies:
    lru-cache "2"
    sigmund "~1.0.0"

minimatch@^3.0.4:
  version "3.0.4"
  resolved "https://registry.yarnpkg.com/minimatch/-/minimatch-3.0.4.tgz#5166e286457f03306064be5497e8dbb0c3d32083"
  dependencies:
    brace-expansion "^1.1.7"

moment@^2.10.6:
  version "2.18.1"
  resolved "https://registry.yarnpkg.com/moment/-/moment-2.18.1.tgz#c36193dd3ce1c2eed2adb7c802dbbc77a81b1c0f"

mongodb-core@2.1.15:
  version "2.1.15"
  resolved "https://registry.yarnpkg.com/mongodb-core/-/mongodb-core-2.1.15.tgz#841f53b87ffff4c7458189c35c8ae827e1169764"
  dependencies:
    bson "~1.0.4"
    require_optional "~1.0.0"

mongodb-extended-json@1.7.0:
  version "1.7.0"
  resolved "https://registry.yarnpkg.com/mongodb-extended-json/-/mongodb-extended-json-1.7.0.tgz#61813ac9b7ee1303c60764e77d6dea2d1fd8584a"
  dependencies:
    JSONStream "^1.1.1"
    async "^1.4.2"
    bson "^0.4.22"
    event-stream "^3.3.1"
    lodash.isfunction "^3.0.6"
    lodash.transform "^3.0.4"
    moment "^2.10.6"
    raf "^3.1.0"

mongodb-ns@1.0.3:
  version "1.0.3"
  resolved "https://registry.yarnpkg.com/mongodb-ns/-/mongodb-ns-1.0.3.tgz#a0f0068656e6d828429c6f3518aad8b314f4ff79"

mongodb@~2.2.0:
  version "2.2.31"
  resolved "https://registry.yarnpkg.com/mongodb/-/mongodb-2.2.31.tgz#1940445c661e19217bb3bf8245d9854aaef548db"
  dependencies:
    es6-promise "3.2.1"
    mongodb-core "2.1.15"
    readable-stream "2.2.7"

object-assign@^3.0.0:
  version "3.0.0"
  resolved "https://registry.yarnpkg.com/object-assign/-/object-assign-3.0.0.tgz#9bedd5ca0897949bca47e7ff408062d549f587f2"

object-inspect@~0.4.0:
  version "0.4.0"
  resolved "https://registry.yarnpkg.com/object-inspect/-/object-inspect-0.4.0.tgz#f5157c116c1455b243b06ee97703392c5ad89fec"

once@^1.3.0, once@^1.3.1:
  version "1.4.0"
  resolved "https://registry.yarnpkg.com/once/-/once-1.4.0.tgz#583b1aa775961d4b113ac17d9c50baef9dd76bd1"
  dependencies:
    wrappy "1"

parse-headers@^2.0.0:
  version "2.0.1"
  resolved "https://registry.yarnpkg.com/parse-headers/-/parse-headers-2.0.1.tgz#6ae83a7aa25a9d9b700acc28698cd1f1ed7e9536"
  dependencies:
    for-each "^0.3.2"
    trim "0.0.1"

path-is-absolute@^1.0.0:
  version "1.0.1"
  resolved "https://registry.yarnpkg.com/path-is-absolute/-/path-is-absolute-1.0.1.tgz#174b9268735534ffbc7ace6bf53a5a9e1b5c5f5f"

pause-stream@0.0.11:
  version "0.0.11"
  resolved "https://registry.yarnpkg.com/pause-stream/-/pause-stream-0.0.11.tgz#fe5a34b0cbce12b5aa6a2b403ee2e73b602f1445"
  dependencies:
    through "~2.3"

performance-now@^2.1.0:
  version "2.1.0"
  resolved "https://registry.yarnpkg.com/performance-now/-/performance-now-2.1.0.tgz#6309f4e0e5fa913ec1c69307ae364b4b377c9e7b"

process-nextick-args@~1.0.6:
  version "1.0.7"
  resolved "https://registry.yarnpkg.com/process-nextick-args/-/process-nextick-args-1.0.7.tgz#150e20b756590ad3f91093f25a4f2ad8bff30ba3"

process@~0.5.1:
  version "0.5.2"
  resolved "https://registry.yarnpkg.com/process/-/process-0.5.2.tgz#1638d8a8e34c2f440a91db95ab9aeb677fc185cf"

promise@^7.1.1:
  version "7.3.1"
  resolved "https://registry.yarnpkg.com/promise/-/promise-7.3.1.tgz#064b72602b18f90f29192b8b1bc418ffd1ebd3bf"
  dependencies:
    asap "~2.0.3"

qs@^6.1.0:
  version "6.5.1"
  resolved "https://registry.yarnpkg.com/qs/-/qs-6.5.1.tgz#349cdf6eef89ec45c12d7d5eb3fc0c870343a6d8"

query-string@^2.4.0:
  version "2.4.2"
  resolved "https://registry.yarnpkg.com/query-string/-/query-string-2.4.2.tgz#7db0666420804baa92ae9f268962855a76143dfb"
  dependencies:
    strict-uri-encode "^1.0.0"

raf@^3.1.0:
  version "3.3.2"
  resolved "https://registry.yarnpkg.com/raf/-/raf-3.3.2.tgz#0c13be0b5b49b46f76d6669248d527cf2b02fe27"
  dependencies:
    performance-now "^2.1.0"

readable-stream@2.2.7:
  version "2.2.7"
  resolved "https://registry.yarnpkg.com/readable-stream/-/readable-stream-2.2.7.tgz#07057acbe2467b22042d36f98c5ad507054e95b1"
  dependencies:
    buffer-shims "~1.0.0"
    core-util-is "~1.0.0"
    inherits "~2.0.1"
    isarray "~1.0.0"
    process-nextick-args "~1.0.6"
    string_decoder "~1.0.0"
    util-deprecate "~1.0.1"

readable-stream@^2.2.2:
  version "2.3.3"
  resolved "https://registry.yarnpkg.com/readable-stream/-/readable-stream-2.3.3.tgz#368f2512d79f9d46fdfc71349ae7878bbc1eb95c"
  dependencies:
    core-util-is "~1.0.0"
    inherits "~2.0.3"
    isarray "~1.0.0"
    process-nextick-args "~1.0.6"
    safe-buffer "~5.1.1"
    string_decoder "~1.0.3"
    util-deprecate "~1.0.1"

require_optional@~1.0.0:
  version "1.0.1"
  resolved "https://registry.yarnpkg.com/require_optional/-/require_optional-1.0.1.tgz#4cf35a4247f64ca3df8c2ef208cc494b1ca8fc2e"
  dependencies:
    resolve-from "^2.0.0"
    semver "^5.1.0"

resolve-from@^2.0.0:
  version "2.0.0"
  resolved "https://registry.yarnpkg.com/resolve-from/-/resolve-from-2.0.0.tgz#9480ab20e94ffa1d9e80a804c7ea147611966b57"

resumer@~0.0.0:
  version "0.0.0"
  resolved "https://registry.yarnpkg.com/resumer/-/resumer-0.0.0.tgz#f1e8f461e4064ba39e82af3cdc2a8c893d076759"
  dependencies:
    through "~2.3.4"

safe-buffer@~5.1.0, safe-buffer@~5.1.1:
  version "5.1.1"
  resolved "https://registry.yarnpkg.com/safe-buffer/-/safe-buffer-5.1.1.tgz#893312af69b2123def71f57889001671eeb2c853"

semver@^5.1.0:
  version "5.4.1"
  resolved "https://registry.yarnpkg.com/semver/-/semver-5.4.1.tgz#e059c09d8571f0540823733433505d3a2f00b18e"

sigmund@~1.0.0:
  version "1.0.1"
  resolved "https://registry.yarnpkg.com/sigmund/-/sigmund-1.0.1.tgz#3ff21f198cad2175f9f3b781853fd94d0d19b590"

simple-get@^1.4.3:
  version "1.4.3"
  resolved "https://registry.yarnpkg.com/simple-get/-/simple-get-1.4.3.tgz#e9755eda407e96da40c5e5158c9ea37b33becbeb"
  dependencies:
    once "^1.3.1"
    unzip-response "^1.0.0"
    xtend "^4.0.0"

split@0.3:
  version "0.3.3"
  resolved "https://registry.yarnpkg.com/split/-/split-0.3.3.tgz#cd0eea5e63a211dfff7eb0f091c4133e2d0dd28f"
  dependencies:
    through "2"

stream-combiner@~0.0.4:
  version "0.0.4"
  resolved "https://registry.yarnpkg.com/stream-combiner/-/stream-combiner-0.0.4.tgz#4d5e433c185261dde623ca3f44c586bcf5c4ad14"
  dependencies:
    duplexer "~0.1.1"

strict-uri-encode@^1.0.0:
  version "1.1.0"
  resolved "https://registry.yarnpkg.com/strict-uri-encode/-/strict-uri-encode-1.1.0.tgz#279b225df1d582b1f54e65addd4352e18faa0713"

string_decoder@~1.0.0, string_decoder@~1.0.3:
  version "1.0.3"
  resolved "https://registry.yarnpkg.com/string_decoder/-/string_decoder-1.0.3.tgz#0fc67d7c141825de94282dd536bec6b9bce860ab"
  dependencies:
    safe-buffer "~5.1.0"

sync-request@^4.1.0:
  version "4.1.0"
  resolved "https://registry.yarnpkg.com/sync-request/-/sync-request-4.1.0.tgz#324b4e506fb994d2afd2a0021a455f800725f07a"
  dependencies:
    command-exists "^1.2.2"
    concat-stream "^1.6.0"
    get-port "^3.1.0"
    http-response-object "^1.1.0"
    then-request "^2.2.0"

tape@^3.0.3:
  version "3.6.1"
  resolved "https://registry.yarnpkg.com/tape/-/tape-3.6.1.tgz#4893dd53e280a5f58c0ceb30c2c0ebb3bcd51e1f"
  dependencies:
    deep-equal "~0.2.0"
    defined "~0.0.0"
    glob "~3.2.9"
    inherits "~2.0.1"
    object-inspect "~0.4.0"
    resumer "~0.0.0"
    through "~2.3.4"

then-request@^2.2.0:
  version "2.2.0"
  resolved "https://registry.yarnpkg.com/then-request/-/then-request-2.2.0.tgz#6678b32fa0ca218fe569981bbd8871b594060d81"
  dependencies:
    caseless "~0.11.0"
    concat-stream "^1.4.7"
    http-basic "^2.5.1"
    http-response-object "^1.1.0"
    promise "^7.1.1"
    qs "^6.1.0"

through@2, "through@>=2.2.7 <3", through@~2.3, through@~2.3.1, through@~2.3.4:
  version "2.3.8"
  resolved "https://registry.yarnpkg.com/through/-/through-2.3.8.tgz#0dd4c9ffaabc357960b1b724115d7e0e86a2e1f5"

thunkify@2.1.2:
  version "2.1.2"
  resolved "https://registry.yarnpkg.com/thunkify/-/thunkify-2.1.2.tgz#faa0e9d230c51acc95ca13a361ac05ca7e04553d"

timed-out@^2.0.0:
  version "2.0.0"
  resolved "https://registry.yarnpkg.com/timed-out/-/timed-out-2.0.0.tgz#f38b0ae81d3747d628001f41dafc652ace671c0a"

trim@0.0.1:
  version "0.0.1"
  resolved "https://registry.yarnpkg.com/trim/-/trim-0.0.1.tgz#5858547f6b290757ee95cccc666fb50084c460dd"

type-component@*:
  version "0.0.1"
  resolved "https://registry.yarnpkg.com/type-component/-/type-component-0.0.1.tgz#952a6c81c21efd24d13d811d0c8498cb860e1956"

typedarray@^0.0.6:
  version "0.0.6"
  resolved "https://registry.yarnpkg.com/typedarray/-/typedarray-0.0.6.tgz#867ac74e3864187b1d3d47d996a78ec5c8830777"

underscore.string@~2.4.0:
  version "2.4.0"
  resolved "https://registry.yarnpkg.com/underscore.string/-/underscore.string-2.4.0.tgz#8cdd8fbac4e2d2ea1e7e2e8097c42f442280f85b"

underscore@~1.7.0:
  version "1.7.0"
  resolved "https://registry.yarnpkg.com/underscore/-/underscore-1.7.0.tgz#6bbaf0877500d36be34ecaa584e0db9fef035209"

unzip-response@^1.0.0:
  version "1.0.2"
  resolved "https://registry.yarnpkg.com/unzip-response/-/unzip-response-1.0.2.tgz#b984f0877fc0a89c2c773cc1ef7b5b232b5b06fe"

url-set-query@^1.0.0:
  version "1.0.0"
  resolved "https://registry.yarnpkg.com/url-set-query/-/url-set-query-1.0.0.tgz#016e8cfd7c20ee05cafe7795e892bd0702faa339"

util-deprecate@~1.0.1:
  version "1.0.2"
  resolved "https://registry.yarnpkg.com/util-deprecate/-/util-deprecate-1.0.2.tgz#450d4dc9fa70de732762fbd2d4a28981419a0ccf"

wrappy@1:
  version "1.0.2"
  resolved "https://registry.yarnpkg.com/wrappy/-/wrappy-1.0.2.tgz#b5243d8f3ec1aa35f1364605bc0d1036e30ab69f"

xhr-request@^1.0.1:
  version "1.0.1"
  resolved "https://registry.yarnpkg.com/xhr-request/-/xhr-request-1.0.1.tgz#83f08a4b20beec67a8c1c728e8102f4c9eecbdda"
  dependencies:
    buffer-to-arraybuffer "0.0.2"
    object-assign "^3.0.0"
    query-string "^2.4.0"
    simple-get "^1.4.3"
    timed-out "^2.0.0"
    url-set-query "^1.0.0"
    xhr "^2.0.4"

xhr@^2.0.4:
  version "2.4.0"
  resolved "https://registry.yarnpkg.com/xhr/-/xhr-2.4.0.tgz#e16e66a45f869861eeefab416d5eff722dc40993"
  dependencies:
    global "~4.3.0"
    is-function "^1.0.1"
    parse-headers "^2.0.0"
    xtend "^4.0.0"

xtend@^4.0.0:
  version "4.0.1"
  resolved "https://registry.yarnpkg.com/xtend/-/xtend-4.0.1.tgz#a5c6d532be656e23db820efb943a1f04998d63af"
